
Microsoft Visual Studio Solution File, Format Version 12.00
# Visual Studio Version 17
VisualStudioVersion = 17.14.36915.13 d17.14
MinimumVisualStudioVersion = 10.0.40219.1
Project("{FAE04EC0-301F-11D3-BF4B-00C04F79EFBC}") = "IBSTCareers", "IBSTCareers\IBSTCareers.csproj", "{C60A1C0B-94DE-417B-A246-24A59FD33B84}"
EndProject
Global
	GlobalSection(SolutionConfigurationPlatforms) = preSolution
		Debug|Any CPU = Debug|Any CPU
		Release|Any CPU = Release|Any CPU
	EndGlobalSection
	GlobalSection(ProjectConfigurationPlatforms) = postSolution
		{C60A1C0B-94DE-417B-A246-24A59FD33B84}.Debug|Any CPU.ActiveCfg = Debug|Any CPU
		{C60A1C0B-94DE-417B-A246-24A59FD33B84}.Debug|Any CPU.Build.0 = Debug|Any CPU
		{C60A1C0B-94DE-417B-A246-24A59FD33B84}.Release|Any CPU.ActiveCfg = Release|Any CPU
		{C60A1C0B-94DE-417B-A246-24A59FD33B84}.Release|Any CPU.Build.0 = Release|Any CPU
	EndGlobalSection
	GlobalSection(SolutionProperties) = preSolution
		HideSolutionNode = FALSE
	EndGlobalSection
	GlobalSection(ExtensibilityGlobals) = postSolution
		SolutionGuid = {908D1951-73EC-49AB-BCE3-E620C2140285}
	EndGlobalSection
EndGlobal
